{
  "name": "show-person-profile",
  "version": "1.0.0",
  "lockfileVersion": 2,
  "requires": true,
  "packages": {
    "": {
      "name": "show-person-profile",
      "version": "1.0.0",
      "license": "MIT",
      "dependencies": {
        "@emotion/react": "^11.7.1",
        "@emotion/styled": "^11.6.0",
        "@mui/material": "^5.2.0",
        "@reduxjs/toolkit": "^1.6.2",
        "react": "^17.0.2",
        "react-dom": "^17.0.2",
        "react-redux": "^7.2.5",
        "react-scripts": "4.0.3"
      },
      "devDependencies": {
        "@testing-library/jest-dom": "^5.14.1",
        "@testing-library/react": "^11.2.7",
        "@testing-library/user-event": "^12.8.3",
        "jest": "^26.6.0"
      }
    },
    "node_modules/@emotion/cache": {
      "version": "11.7.1",
      "resolved": "https://registry.npmjs.org/@emotion/cache/-/cache-11.7.1.tgz",
      "integrity": "sha512-... (truncated for brevity)"
    },
    ...
  },
  "dependencies": {
    "@emotion/react": {
      "version": "11.7.1",
      "resolved": "https://registry.npmjs.org/@emotion/react/-/react-11.7.1.tgz",
      "integrity": "sha512-... (truncated for brevity)",
      "requires": {
        "@emotion/cache": "^11.7.1",
        "@emotion/utils": "^1.0.0"
      }
    },
    ...
  }
}
